# THIS IS AN AUTOGENERATED FILE. DO NOT EDIT THIS FILE DIRECTLY.
# yarn lockfile v1


"@vue/compiler-core@3.0.0-alpha.7":
  version "3.0.0-alpha.7"
  resolved "https://registry.yarnpkg.com/@vue/compiler-core/-/compiler-core-3.0.0-alpha.7.tgz#8e6e71134221f04ae420e76fe68feab87651fc51"
  integrity sha512-IAhE2G2y4qqLo5D/AFxWnBeQcttnTF6kkgnmjoqTLsDAu47bmeawdJG5MViXi1yIvhYHSYjGk7dQS8wXF/63fA==
  dependencies:
    acorn "^7.1.0"
    estree-walker "^0.8.1"
    source-map "^0.6.1"

"@vue/compiler-dom@3.0.0-alpha.7":
  version "3.0.0-alpha.7"
  resolved "https://registry.yarnpkg.com/@vue/compiler-dom/-/compiler-dom-3.0.0-alpha.7.tgz#ddd7f4c23e80ba67c5f40d0747cc5901ba0b6ee9"
  integrity sha512-NsC5CcbgiXuqxsAQwj7dkB082WMHL7KhQPnf/BtD0UO5OQ3ooptEOUYCW/bPHXjOcOxuCE0PL5xn4xxD9290zg==
  dependencies:
    "@vue/compiler-core" "3.0.0-alpha.7"

"@vue/reactivity@3.0.0-alpha.7":
  version "3.0.0-alpha.7"
  resolved "https://registry.yarnpkg.com/@vue/reactivity/-/reactivity-3.0.0-alpha.7.tgz#fb5291ea94bb4bc4a02cb04cd7bc424f0f07e0e4"
  integrity sha512-bmUp5rsjjkmord2wbCFiaD8+EHngI9zzYLcmhkOtVV43EIB0n1aOKrBCq+sq618hFMmv92IMbNW8E+5Kfv4ElA==

"@vue/runtime-core@3.0.0-alpha.7":
  version "3.0.0-alpha.7"
  resolved "https://registry.yarnpkg.com/@vue/runtime-core/-/runtime-core-3.0.0-alpha.7.tgz#3b58d95adb3f1c6c3c25178010c4398adf2ea858"
  integrity sha512-/bZjcm86Avp0CVfM+8ZiUduZ+HZ7KUmTdXxEL3JTw2lP28QluuPkCm34urOGoG37C3G5FrDqag3keNchKqyb9Q==
  dependencies:
    "@vue/reactivity" "3.0.0-alpha.7"

"@vue/runtime-dom@3.0.0-alpha.7":
  version "3.0.0-alpha.7"
  resolved "https://registry.yarnpkg.com/@vue/runtime-dom/-/runtime-dom-3.0.0-alpha.7.tgz#fb6fddbf0200143f10d7a4440b16c19da03a6b40"
  integrity sha512-iJLCMuyp1sJzxT7UAHtY0zTOZRUXKKU4LBeObGSn60tXaMyVegIPnTiK6OmcmTM1gmclRVGngodNwb0LNTkxBQ==
  dependencies:
    "@vue/runtime-core" "3.0.0-alpha.7"
    csstype "^2.6.8"

acorn@^7.1.0:
  version "7.1.1"
  resolved "https://registry.yarnpkg.com/acorn/-/acorn-7.1.1.tgz#e35668de0b402f359de515c5482a1ab9f89a69bf"
  integrity sha512-add7dgA5ppRPxCFJoAGfMDi7PIBXq1RtGo7BhbLaxwrXPOmw8gq48Y9ozT01hUKy9byMjlR20EJhu5zlkErEkg==

csstype@^2.6.8:
  version "2.6.9"
  resolved "https://registry.yarnpkg.com/csstype/-/csstype-2.6.9.tgz#05141d0cd557a56b8891394c1911c40c8a98d098"
  integrity sha512-xz39Sb4+OaTsULgUERcCk+TJj8ylkL4aSVDQiX/ksxbELSqwkgt4d4RD7fovIdgJGSuNYqwZEiVjYY5l0ask+Q==

estree-walker@^0.8.1:
  version "0.8.1"
  resolved "https://registry.yarnpkg.com/estree-walker/-/estree-walker-0.8.1.tgz#6230ce2ec9a5cb03888afcaf295f97d90aa52b79"
  integrity sha512-H6cJORkqvrNziu0KX2hqOMAlA2CiuAxHeGJXSIoKA/KLv229Dw806J3II6mKTm5xiDX1At1EXCfsOQPB+tMB+g==

source-map@^0.6.1:
  version "0.6.1"
  resolved "https://registry.yarnpkg.com/source-map/-/source-map-0.6.1.tgz#74722af32e9614e9c287a8d0bbde48b5e2f1a263"
  integrity sha512-UjgapumWlbMhkBgzT7Ykc5YXUT46F0iKu8SGXq0bcwP5dz/h0Plj6enJqjz1Zbq2l5WaqYnrVbwWOWMyF3F47g==

vue@^3.0.0-alpha.7:
  version "3.0.0-alpha.7"
  resolved "https://registry.yarnpkg.com/vue/-/vue-3.0.0-alpha.7.tgz#b88ac5b08bf56e79ae1e310d63ec84688ec15fa5"
  integrity sha512-wCNGJEbfWJWxXdVoB1p57hZj0F5nHsSaJm9FiXvIiZsOeO5g8KxQbkiON/engVjAW9X8XDcwzOuNMtVLzFrv4w==
  dependencies:
    "@vue/compiler-dom" "3.0.0-alpha.7"
    "@vue/runtime-dom" "3.0.0-alpha.7"
